
Microsoft Visual Studio Solution File, Format Version 12.00
# Visual Studio Version 17
VisualStudioVersion = 17.8.34511.84
MinimumVisualStudioVersion = 10.0.40219.1
Project("{FAE04EC0-301F-11D3-BF4B-00C04F79EFBC}") = "IPMS.API", "IPMS.API\IPMS.API.csproj", "{924E007B-B91F-4EFD-B726-B9AFC62337E7}"
EndProject
Project("{FAE04EC0-301F-11D3-BF4B-00C04F79EFBC}") = "Core", "Core\Core.csproj", "{C1F7D47C-3965-4CE9-8E76-79D646F0E7D0}"
EndProject
Project("{FAE04EC0-301F-11D3-BF4B-00C04F79EFBC}") = "Data", "Data\Data.csproj", "{1CDA3096-64EA-42A5-B503-19C38187B8B0}"
EndProject
Global
	GlobalSection(SolutionConfigurationPlatforms) = preSolution
		Debug|Any CPU = Debug|Any CPU
		Release|Any CPU = Release|Any CPU
	EndGlobalSection
	GlobalSection(ProjectConfigurationPlatforms) = postSolution
		{924E007B-B91F-4EFD-B726-B9AFC62337E7}.Debug|Any CPU.ActiveCfg = Debug|Any CPU
		{924E007B-B91F-4EFD-B726-B9AFC62337E7}.Debug|Any CPU.Build.0 = Debug|Any CPU
		{924E007B-B91F-4EFD-B726-B9AFC62337E7}.Release|Any CPU.ActiveCfg = Release|Any CPU
		{924E007B-B91F-4EFD-B726-B9AFC62337E7}.Release|Any CPU.Build.0 = Release|Any CPU
		{C1F7D47C-3965-4CE9-8E76-79D646F0E7D0}.Debug|Any CPU.ActiveCfg = Debug|Any CPU
		{C1F7D47C-3965-4CE9-8E76-79D646F0E7D0}.Debug|Any CPU.Build.0 = Debug|Any CPU
		{C1F7D47C-3965-4CE9-8E76-79D646F0E7D0}.Release|Any CPU.ActiveCfg = Release|Any CPU
		{C1F7D47C-3965-4CE9-8E76-79D646F0E7D0}.Release|Any CPU.Build.0 = Release|Any CPU
		{1CDA3096-64EA-42A5-B503-19C38187B8B0}.Debug|Any CPU.ActiveCfg = Debug|Any CPU
		{1CDA3096-64EA-42A5-B503-19C38187B8B0}.Debug|Any CPU.Build.0 = Debug|Any CPU
		{1CDA3096-64EA-42A5-B503-19C38187B8B0}.Release|Any CPU.ActiveCfg = Release|Any CPU
		{1CDA3096-64EA-42A5-B503-19C38187B8B0}.Release|Any CPU.Build.0 = Release|Any CPU
	EndGlobalSection
	GlobalSection(SolutionProperties) = preSolution
		HideSolutionNode = FALSE
	EndGlobalSection
	GlobalSection(ExtensibilityGlobals) = postSolution
		SolutionGuid = {57F4C73B-EAB2-4321-B253-4482196884A9}
	EndGlobalSection
EndGlobal
